
Microsoft Visual Studio Solution File, Format Version 10.00
# Visual Studio 2008
Project("{FAE04EC0-301F-11D3-BF4B-00C04F79EFBC}") = "HeyMxSite", "HeyMxSite\HeyMxSite.csproj", "{356EBF74-14F6-4C26-89B0-86F7DF772B44}"
EndProject
Global
	GlobalSection(SolutionConfigurationPlatforms) = preSolution
		Debug|Any CPU = Debug|Any CPU
		Release|Any CPU = Release|Any CPU
	EndGlobalSection
	GlobalSection(ProjectConfigurationPlatforms) = postSolution
		{356EBF74-14F6-4C26-89B0-86F7DF772B44}.Debug|Any CPU.ActiveCfg = Debug|Any CPU
		{356EBF74-14F6-4C26-89B0-86F7DF772B44}.Debug|Any CPU.Build.0 = Debug|Any CPU
		{356EBF74-14F6-4C26-89B0-86F7DF772B44}.Release|Any CPU.ActiveCfg = Release|Any CPU
		{356EBF74-14F6-4C26-89B0-86F7DF772B44}.Release|Any CPU.Build.0 = Release|Any CPU
	EndGlobalSection
	GlobalSection(MonoDevelopProperties) = preSolution
		StartupItem = HeyMxSite\HeyMxSite.csproj
	EndGlobalSection
EndGlobal
